
Microsoft Visual Studio Solution File, Format Version 12.00
# Visual Studio Version 17
VisualStudioVersion = 17.5.002.0
MinimumVisualStudioVersion = 10.0.40219.1
Project("{2150E333-8FDC-42A3-9474-1A3956D46DE8}") = "src", "src", "{A59F6528-3F67-4A89-A750-42B4D7CBC22E}"
EndProject
Project("{2150E333-8FDC-42A3-9474-1A3956D46DE8}") = "web", "web", "{F331462F-C2BF-41E5-8F5B-A7F15EF95595}"
EndProject
Project("{9A19103F-16F7-4668-BE54-9A1E7A4F7556}") = "Ecoset.GeoTemporal.Remote", "src\web\Ecoset.GeoTemporal.Remote\Ecoset.GeoTemporal.Remote.csproj", "{DFFC4167-3536-4094-9359-879081C02AB4}"
EndProject
Project("{9A19103F-16F7-4668-BE54-9A1E7A4F7556}") = "Ecoset.WebUI", "src\web\Ecoset.WebUI\Ecoset.WebUI.csproj", "{3532E63C-C21C-49AE-A95A-7B2B1F500D03}"
EndProject
Project("{9A19103F-16F7-4668-BE54-9A1E7A4F7556}") = "WebOptimizer.Sass", "src\web\WebOptimizer.Sass\WebOptimizer.Sass.csproj", "{A03A1B56-7AEB-49B4-B952-BEB88B0B267E}"
EndProject
Project("{2150E333-8FDC-42A3-9474-1A3956D46DE8}") = "apps", "apps", "{BE3F4DDB-E09F-423C-BA8B-B4168933CB4C}"
EndProject
Project("{2150E333-8FDC-42A3-9474-1A3956D46DE8}") = "left-marine", "left-marine", "{F6B60336-FB00-4E0F-9111-5C1EA2538B75}"
EndProject
Project("{2150E333-8FDC-42A3-9474-1A3956D46DE8}") = "src", "src", "{9435D72B-C41E-433A-997D-627BBEB3D0C0}"
EndProject
Project("{F2A71F9B-5D33-465A-A702-920D77279786}") = "Oxlel.LeftMarine.WebUI", "apps\left-marine\src\Oxlel.LeftMarine.WebUI\Oxlel.LeftMarine.WebUI.fsproj", "{EF0D4B63-6301-4DD4-8AFD-EC726155B289}"
EndProject
Project("{2150E333-8FDC-42A3-9474-1A3956D46DE8}") = "left", "left", "{5CB7E0F5-6512-4B08-B2C3-99249340F50F}"
EndProject
Project("{2150E333-8FDC-42A3-9474-1A3956D46DE8}") = "src", "src", "{B4CA12B0-9490-454E-A64E-AEEAF6AF7788}"
EndProject
Project("{F2A71F9B-5D33-465A-A702-920D77279786}") = "Oxlel.Left.WebUI", "apps\left\src\Oxlel.Left.WebUI\Oxlel.Left.WebUI.fsproj", "{0DE1319C-A99D-4842-8A4D-F6716DAF2074}"
EndProject
Global
	GlobalSection(SolutionConfigurationPlatforms) = preSolution
		Debug|Any CPU = Debug|Any CPU
		Release|Any CPU = Release|Any CPU
	EndGlobalSection
	GlobalSection(ProjectConfigurationPlatforms) = postSolution
		{DFFC4167-3536-4094-9359-879081C02AB4}.Debug|Any CPU.ActiveCfg = Debug|Any CPU
		{DFFC4167-3536-4094-9359-879081C02AB4}.Debug|Any CPU.Build.0 = Debug|Any CPU
		{DFFC4167-3536-4094-9359-879081C02AB4}.Release|Any CPU.ActiveCfg = Release|Any CPU
		{DFFC4167-3536-4094-9359-879081C02AB4}.Release|Any CPU.Build.0 = Release|Any CPU
		{3532E63C-C21C-49AE-A95A-7B2B1F500D03}.Debug|Any CPU.ActiveCfg = Debug|Any CPU
		{3532E63C-C21C-49AE-A95A-7B2B1F500D03}.Debug|Any CPU.Build.0 = Debug|Any CPU
		{3532E63C-C21C-49AE-A95A-7B2B1F500D03}.Release|Any CPU.ActiveCfg = Release|Any CPU
		{3532E63C-C21C-49AE-A95A-7B2B1F500D03}.Release|Any CPU.Build.0 = Release|Any CPU
		{A03A1B56-7AEB-49B4-B952-BEB88B0B267E}.Debug|Any CPU.ActiveCfg = Debug|Any CPU
		{A03A1B56-7AEB-49B4-B952-BEB88B0B267E}.Debug|Any CPU.Build.0 = Debug|Any CPU
		{A03A1B56-7AEB-49B4-B952-BEB88B0B267E}.Release|Any CPU.ActiveCfg = Release|Any CPU
		{A03A1B56-7AEB-49B4-B952-BEB88B0B267E}.Release|Any CPU.Build.0 = Release|Any CPU
		{EF0D4B63-6301-4DD4-8AFD-EC726155B289}.Debug|Any CPU.ActiveCfg = Debug|Any CPU
		{EF0D4B63-6301-4DD4-8AFD-EC726155B289}.Debug|Any CPU.Build.0 = Debug|Any CPU
		{EF0D4B63-6301-4DD4-8AFD-EC726155B289}.Release|Any CPU.ActiveCfg = Release|Any CPU
		{EF0D4B63-6301-4DD4-8AFD-EC726155B289}.Release|Any CPU.Build.0 = Release|Any CPU
		{0DE1319C-A99D-4842-8A4D-F6716DAF2074}.Debug|Any CPU.ActiveCfg = Debug|Any CPU
		{0DE1319C-A99D-4842-8A4D-F6716DAF2074}.Debug|Any CPU.Build.0 = Debug|Any CPU
		{0DE1319C-A99D-4842-8A4D-F6716DAF2074}.Release|Any CPU.ActiveCfg = Release|Any CPU
		{0DE1319C-A99D-4842-8A4D-F6716DAF2074}.Release|Any CPU.Build.0 = Release|Any CPU
	EndGlobalSection
	GlobalSection(SolutionProperties) = preSolution
		HideSolutionNode = FALSE
	EndGlobalSection
	GlobalSection(NestedProjects) = preSolution
		{F331462F-C2BF-41E5-8F5B-A7F15EF95595} = {A59F6528-3F67-4A89-A750-42B4D7CBC22E}
		{DFFC4167-3536-4094-9359-879081C02AB4} = {F331462F-C2BF-41E5-8F5B-A7F15EF95595}
		{3532E63C-C21C-49AE-A95A-7B2B1F500D03} = {F331462F-C2BF-41E5-8F5B-A7F15EF95595}
		{A03A1B56-7AEB-49B4-B952-BEB88B0B267E} = {F331462F-C2BF-41E5-8F5B-A7F15EF95595}
		{F6B60336-FB00-4E0F-9111-5C1EA2538B75} = {BE3F4DDB-E09F-423C-BA8B-B4168933CB4C}
		{9435D72B-C41E-433A-997D-627BBEB3D0C0} = {F6B60336-FB00-4E0F-9111-5C1EA2538B75}
		{EF0D4B63-6301-4DD4-8AFD-EC726155B289} = {9435D72B-C41E-433A-997D-627BBEB3D0C0}
		{5CB7E0F5-6512-4B08-B2C3-99249340F50F} = {BE3F4DDB-E09F-423C-BA8B-B4168933CB4C}
		{B4CA12B0-9490-454E-A64E-AEEAF6AF7788} = {5CB7E0F5-6512-4B08-B2C3-99249340F50F}
		{0DE1319C-A99D-4842-8A4D-F6716DAF2074} = {B4CA12B0-9490-454E-A64E-AEEAF6AF7788}
	EndGlobalSection
	GlobalSection(ExtensibilityGlobals) = postSolution
		SolutionGuid = {AD4377E0-E859-4C45-91EE-D77735B74804}
	EndGlobalSection
EndGlobal
